Microsoft Visual Studio Solution File, Format Version 12.00
# Visual Studio 2012
Project("{FAE04EC0-301F-11D3-BF4B-00C04F79EFBC}") = "LifeAtomGameDemo", "LifeAtomGameDemo.csproj", "{A8F75408-F7C6-4F60-B665-53E276E1ABCE}"
EndProject
Global
	GlobalSection(SolutionConfigurationPlatforms) = preSolution
	Debug|Any CPU = Debug|Any CPU
	ExportDebug|Any CPU = ExportDebug|Any CPU
	ExportRelease|Any CPU = ExportRelease|Any CPU
	EndGlobalSection
	GlobalSection(ProjectConfigurationPlatforms) = postSolution
		{A8F75408-F7C6-4F60-B665-53E276E1ABCE}.Debug|Any CPU.ActiveCfg = Debug|Any CPU
		{A8F75408-F7C6-4F60-B665-53E276E1ABCE}.Debug|Any CPU.Build.0 = Debug|Any CPU
		{A8F75408-F7C6-4F60-B665-53E276E1ABCE}.ExportDebug|Any CPU.ActiveCfg = ExportDebug|Any CPU
		{A8F75408-F7C6-4F60-B665-53E276E1ABCE}.ExportDebug|Any CPU.Build.0 = ExportDebug|Any CPU
		{A8F75408-F7C6-4F60-B665-53E276E1ABCE}.ExportRelease|Any CPU.ActiveCfg = ExportRelease|Any CPU
		{A8F75408-F7C6-4F60-B665-53E276E1ABCE}.ExportRelease|Any CPU.Build.0 = ExportRelease|Any CPU
	EndGlobalSection
EndGlobal
